
Microsoft Visual Studio Solution File, Format Version 12.00
# Visual Studio Version 16
VisualStudioVersion = 16.0.31019.35
MinimumVisualStudioVersion = 10.0.40219.1
Project("{8BC9CEB8-8B4A-11D0-8D11-00A0C91BC942}") = "week1", "week1\week1.vcxproj", "{E7ACB638-5C4C-4535-8532-9ADAB7AF2115}"
EndProject
Global
	GlobalSection(SolutionConfigurationPlatforms) = preSolution
		Debug|x64 = Debug|x64
		Debug|x86 = Debug|x86
		Release|x64 = Release|x64
		Release|x86 = Release|x86
	EndGlobalSection
	GlobalSection(ProjectConfigurationPlatforms) = postSolution
		{E7ACB638-5C4C-4535-8532-9ADAB7AF2115}.Debug|x64.ActiveCfg = Debug|x64
		{E7ACB638-5C4C-4535-8532-9ADAB7AF2115}.Debug|x64.Build.0 = Debug|x64
		{E7ACB638-5C4C-4535-8532-9ADAB7AF2115}.Debug|x86.ActiveCfg = Debug|Win32
		{E7ACB638-5C4C-4535-8532-9ADAB7AF2115}.Debug|x86.Build.0 = Debug|Win32
		{E7ACB638-5C4C-4535-8532-9ADAB7AF2115}.Release|x64.ActiveCfg = Release|x64
		{E7ACB638-5C4C-4535-8532-9ADAB7AF2115}.Release|x64.Build.0 = Release|x64
		{E7ACB638-5C4C-4535-8532-9ADAB7AF2115}.Release|x86.ActiveCfg = Release|Win32
		{E7ACB638-5C4C-4535-8532-9ADAB7AF2115}.Release|x86.Build.0 = Release|Win32
	EndGlobalSection
	GlobalSection(SolutionProperties) = preSolution
		HideSolutionNode = FALSE
	EndGlobalSection
	GlobalSection(ExtensibilityGlobals) = postSolution
		SolutionGuid = {BB9CD8C2-0215-4A51-8DA4-A7E8DF0D49C3}
	EndGlobalSection
EndGlobal
